// !$*UTF8*$!
{
	archiveVersion = 1;
	classes = {
	};
	objectVersion = 56;
	objects = {

/* Begin PBXBuildFile section */
		BF9E04C5297D6C7000A25974 /* WebViewSampleApp.swift in Sources */ = {isa = PBXBuildFile; fileRef = BF9E04C4297D6C7000A25974 /* WebViewSampleApp.swift */; };
		BF9E04C7297D6C7000A25974 /* ContentView.swift in Sources */ = {isa = PBXBuildFile; fileRef = BF9E04C6297D6C7000A25974 /* ContentView.swift */; };
		BF9E04C9297D6C7100A25974 /* Assets.xcassets in Resources */ = {isa = PBXBuildFile; fileRef = BF9E04C8297D6C7100A25974 /* Assets.xcassets */; };
		BF9E04CC297D6C7100A25974 /* Preview Assets.xcassets in Resources */ = {isa = PBXBuildFile; fileRef = BF9E04CB297D6C7100A25974 /* Preview Assets.xcassets */; };
		C2387F21367AFEFB9C5D9163 /* Pods_WebViewSample.framework in Frameworks */ = {isa = PBXBuildFile; fileRef = F1F76ED20D12EE503B5DD103 /* Pods_WebViewSample.framework */; };
/* End PBXBuildFile section */

/* Begin PBXFileReference section */
		8FA6E7103D2C509911B7AE21 /* Pods-WebViewSample.release.xcconfig */ = {isa = PBXFileReference; includeInIndex = 1; lastKnownFileType = text.xcconfig; name = "Pods-WebViewSample.release.xcconfig"; path = "Target Support Files/Pods-WebViewSample/Pods-WebViewSample.release.xcconfig"; sourceTree = "<group>"; };
		BF9E04C1297D6C7000A25974 /* WebViewSample.app */ = {isa = PBXFileReference; explicitFileType = wrapper.application; includeInIndex = 0; path = WebViewSample.app; sourceTree = BUILT_PRODUCTS_DIR; };
		BF9E04C4297D6C7000A25974 /* WebViewSampleApp.swift */ = {isa = PBXFileReference; lastKnownFileType = sourcecode.swift; path = WebViewSampleApp.swift; sourceTree = "<group>"; };
		BF9E04C6297D6C7000A25974 /* ContentView.swift */ = {isa = PBXFileReference; lastKnownFileType = sourcecode.swift; path = ContentView.swift; sourceTree = "<group>"; };
		BF9E04C8297D6C7100A25974 /* Assets.xcassets */ = {isa = PBXFileReference; lastKnownFileType = folder.assetcatalog; path = Assets.xcassets; sourceTree = "<group>"; };
		BF9E04CB297D6C7100A25974 /* Preview Assets.xcassets */ = {isa = PBXFileReference; lastKnownFileType = folder.assetcatalog; path = "Preview Assets.xcassets"; sourceTree = "<group>"; };
		D91FCB5A4CD06C01E8D58497 /* Pods-WebViewSample.debug.xcconfig */ = {isa = PBXFileReference; includeInIndex = 1; lastKnownFileType = text.xcconfig; name = "Pods-WebViewSample.debug.xcconfig"; path = "Target Support Files/Pods-WebViewSample/Pods-WebViewSample.debug.xcconfig"; sourceTree = "<group>"; };
		F1F76ED20D12EE503B5DD103 /* Pods_WebViewSample.framework */ = {isa = PBXFileReference; explicitFileType = wrapper.framework; includeInIndex = 0; path = Pods_WebViewSample.framework; sourceTree = BUILT_PRODUCTS_DIR; };
/* End PBXFileReference section */

/* Begin PBXFrameworksBuildPhase section */
		BF9E04BE297D6C6F00A25974 /* Frameworks */ = {
			isa = PBXFrameworksBuildPhase;
			buildActionMask = 2147483647;
			files = (
				C2387F21367AFEFB9C5D9163 /* Pods_WebViewSample.framework in Frameworks */,
			);
			runOnlyForDeploymentPostprocessing = 0;
		};
/* End PBXFrameworksBuildPhase section */

/* Begin PBXGroup section */
		3734188A87DE0ABDCA960A70 /* Frameworks */ = {
			isa = PBXGroup;
			children = (
				F1F76ED20D12EE503B5DD103 /* Pods_WebViewSample.framework */,
			);
			name = Frameworks;
			sourceTree = "<group>";
		};
		8BA2886D58E7C04BE461E797 /* Pods */ = {
			isa = PBXGroup;
			children = (
				D91FCB5A4CD06C01E8D58497 /* Pods-WebViewSample.debug.xcconfig */,
				8FA6E7103D2C509911B7AE21 /* Pods-WebViewSample.release.xcconfig */,
			);
			path = Pods;
			sourceTree = "<group>";
		};
		BF9E04B8297D6C6F00A25974 = {
			isa = PBXGroup;
			children = (
				BF9E04C3297D6C7000A25974 /* WebViewSample */,
				BF9E04C2297D6C7000A25974 /* Products */,
				8BA2886D58E7C04BE461E797 /* Pods */,
				3734188A87DE0ABDCA960A70 /* Frameworks */,
			);
			sourceTree = "<group>";
		};
		BF9E04C2297D6C7000A25974 /* Products */ = {
			isa = PBXGroup;
			children = (
				BF9E04C1297D6C7000A25974 /* WebViewSample.app */,
			);
			name = Products;
			sourceTree = "<group>";
		};
		BF9E04C3297D6C7000A25974 /* WebViewSample */ = {
			isa = PBXGroup;
			children = (
				BF9E04C4297D6C7000A25974 /* WebViewSampleApp.swift */,
				BF9E04C6297D6C7000A25974 /* ContentView.swift */,
				BF9E04C8297D6C7100A25974 /* Assets.xcassets */,
				BF9E04CA297D6C7100A25974 /* Preview Content */,
			);
			path = WebViewSample;
			sourceTree = "<group>";
		};
		BF9E04CA297D6C7100A25974 /* Preview Content */ = {
			isa = PBXGroup;
			children = (
				BF9E04CB297D6C7100A25974 /* Preview Assets.xcassets */,
			);
			path = "Preview Content";
			sourceTree = "<group>";
		};
/* End PBXGroup section */

/* Begin PBXNativeTarget section */
		BF9E04C0297D6C6F00A25974 /* WebViewSample */ = {
			isa = PBXNativeTarget;
			buildConfigurationList = BF9E04CF297D6C7100A25974 /* Build configuration list for PBXNativeTarget "WebViewSample" */;
			buildPhases = (
				E35DF1CB3F2CCA7A36EEA4DA /* [CP] Check Pods Manifest.lock */,
				BF9E04BD297D6C6F00A25974 /* Sources */,
				BF9E04BE297D6C6F00A25974 /* Frameworks */,
				BF9E04BF297D6C6F00A25974 /* Resources */,
			);
			buildRules = (
			);
			dependencies = (
			);
			name = WebViewSample;
			productName = WebViewSample;
			productReference = BF9E04C1297D6C7000A25974 /* WebViewSample.app */;
			productType = "com.apple.product-type.application";
		};
/* End PBXNativeTarget section */

/* Begin PBXProject section */
		BF9E04B9297D6C6F00A25974 /* Project object */ = {
			isa = PBXProject;
			attributes = {
				BuildIndependentTargetsInParallel = 1;
				LastSwiftUpdateCheck = 1410;
				LastUpgradeCheck = 1410;
				TargetAttributes = {
					BF9E04C0297D6C6F00A25974 = {
						CreatedOnToolsVersion = 14.1;
					};
				};
			};
			buildConfigurationList = BF9E04BC297D6C6F00A25974 /* Build configuration list for PBXProject "WebViewSample" */;
			compatibilityVersion = "Xcode 14.0";
			developmentRegion = en;
			hasScannedForEncodings = 0;
			knownRegions = (
				en,
				Base,
			);
			mainGroup = BF9E04B8297D6C6F00A25974;
			productRefGroup = BF9E04C2297D6C7000A25974 /* Products */;
			projectDirPath = "";
			projectRoot = "";
			targets = (
				BF9E04C0297D6C6F00A25974 /* WebViewSample */,
			);
		};
/* End PBXProject section */

/* Begin PBXResourcesBuildPhase section */
		BF9E04BF297D6C6F00A25974 /* Resources */ = {
			isa = PBXResourcesBuildPhase;
			buildActionMask = 2147483647;
			files = (
				BF9E04CC297D6C7100A25974 /* Preview Assets.xcassets in Resources */,
				BF9E04C9297D6C7100A25974 /* Assets.xcassets in Resources */,
			);
			runOnlyForDeploymentPostprocessing = 0;
		};
/* End PBXResourcesBuildPhase section */

/* Begin PBXShellScriptBuildPhase section */
		E35DF1CB3F2CCA7A36EEA4DA /* [CP] Check Pods Manifest.lock */ = {
			isa = PBXShellScriptBuildPhase;
			buildActionMask = 2147483647;
			files = (
			);
			inputFileListPaths = (
			);
			inputPaths = (
				"${PODS_PODFILE_DIR_PATH}/Podfile.lock",
				"${PODS_ROOT}/Manifest.lock",
			);
			name = "[CP] Check Pods Manifest.lock";
			outputFileListPaths = (
			);
			outputPaths = (
				"$(DERIVED_FILE_DIR)/Pods-WebViewSample-checkManifestLockResult.txt",
			);
			runOnlyForDeploymentPostprocessing = 0;
			shellPath = /bin/sh;
			shellScript = "diff \"${PODS_PODFILE_DIR_PATH}/Podfile.lock\" \"${PODS_ROOT}/Manifest.lock\" > /dev/null\nif [ $? != 0 ] ; then\n    # print error to STDERR\n    echo \"error: The sandbox is not in sync with the Podfile.lock. Run 'pod install' or update your CocoaPods installation.\" >&2\n    exit 1\nfi\n# This output is used by Xcode 'outputs' to avoid re-running this script phase.\necho \"SUCCESS\" > \"${SCRIPT_OUTPUT_FILE_0}\"\n";
			showEnvVarsInLog = 0;
		};
/* End PBXShellScriptBuildPhase section */

/* Begin PBXSourcesBuildPhase section */
		BF9E04BD297D6C6F00A25974 /* Sources */ = {
			isa = PBXSourcesBuildPhase;
			buildActionMask = 2147483647;
			files = (
				BF9E04C7297D6C7000A25974 /* ContentView.swift in Sources */,
				BF9E04C5297D6C7000A25974 /* WebViewSampleApp.swift in Sources */,
			);
			runOnlyForDeploymentPostprocessing = 0;
		};
/* End PBXSourcesBuildPhase section */

/* Begin XCBuildConfiguration section */
		BF9E04CD297D6C7100A25974 /* Debug */ = {
			isa = XCBuildConfiguration;
			buildSettings = {
				ALWAYS_SEARCH_USER_PATHS = NO;
				CLANG_ANALYZER_NONNULL = YES;
				CLANG_ANALYZER_NUMBER_OBJECT_CONVERSION = YES_AGGRESSIVE;
				CLANG_CXX_LANGUAGE_STANDARD = "gnu++20";
				CLANG_ENABLE_MODULES = YES;
				CLANG_ENABLE_OBJC_ARC = YES;
				CLANG_ENABLE_OBJC_WEAK = YES;
				CLANG_WARN_BLOCK_CAPTURE_AUTORELEASING = YES;
				CLANG_WARN_BOOL_CONVERSION = YES;
				CLANG_WARN_COMMA = YES;
				CLANG_WARN_CONSTANT_CONVERSION = YES;
				CLANG_WARN_DEPRECATED_OBJC_IMPLEMENTATIONS = YES;
				CLANG_WARN_DIRECT_OBJC_ISA_USAGE = YES_ERROR;
				CLANG_WARN_DOCUMENTATION_COMMENTS = YES;
				CLANG_WARN_EMPTY_BODY = YES;
				CLANG_WARN_ENUM_CONVERSION = YES;
				CLANG_WARN_INFINITE_RECURSION = YES;
				CLANG_WARN_INT_CONVERSION = YES;
				CLANG_WARN_NON_LITERAL_NULL_CONVERSION = YES;
				CLANG_WARN_OBJC_IMPLICIT_RETAIN_SELF = YES;
				CLANG_WARN_OBJC_LITERAL_CONVERSION = YES;
				CLANG_WARN_OBJC_ROOT_CLASS = YES_ERROR;
				CLANG_WARN_QUOTED_INCLUDE_IN_FRAMEWORK_HEADER = YES;
				CLANG_WARN_RANGE_LOOP_ANALYSIS = YES;
				CLANG_WARN_STRICT_PROTOTYPES = YES;
				CLANG_WARN_SUSPICIOUS_MOVE = YES;
				CLANG_WARN_UNGUARDED_AVAILABILITY = YES_AGGRESSIVE;
				CLANG_WARN_UNREACHABLE_CODE = YES;
				CLANG_WARN__DUPLICATE_METHOD_MATCH = YES;
				COPY_PHASE_STRIP = NO;
				DEBUG_INFORMATION_FORMAT = dwarf;
				ENABLE_STRICT_OBJC_MSGSEND = YES;
				ENABLE_TESTABILITY = YES;
				GCC_C_LANGUAGE_STANDARD = gnu11;
				GCC_DYNAMIC_NO_PIC = NO;
				GCC_NO_COMMON_BLOCKS = YES;
				GCC_OPTIMIZATION_LEVEL = 0;
				GCC_PREPROCESSOR_DEFINITIONS = (
					"DEBUG=1",
					"$(inherited)",
				);
				GCC_WARN_64_TO_32_BIT_CONVERSION = YES;
				GCC_WARN_ABOUT_RETURN_TYPE = YES_ERROR;
				GCC_WARN_UNDECLARED_SELECTOR = YES;
				GCC_WARN_UNINITIALIZED_AUTOS = YES_AGGRESSIVE;
				GCC_WARN_UNUSED_FUNCTION = YES;
				GCC_WARN_UNUSED_VARIABLE = YES;
				IPHONEOS_DEPLOYMENT_TARGET = 16.0;
				MTL_ENABLE_DEBUG_INFO = INCLUDE_SOURCE;
				MTL_FAST_MATH = YES;
				ONLY_ACTIVE_ARCH = YES;
				SDKROOT = iphoneos;
				SWIFT_ACTIVE_COMPILATION_CONDITIONS = DEBUG;
				SWIFT_OPTIMIZATION_LEVEL = "-Onone";
			};
			name = Debug;
		};
		BF9E04CE297D6C7100A25974 /* Release */ = {
			isa = XCBuildConfiguration;
			buildSettings = {
				ALWAYS_SEARCH_USER_PATHS = NO;
				CLANG_ANALYZER_NONNULL = YES;
				CLANG_ANALYZER_NUMBER_OBJECT_CONVERSION = YES_AGGRESSIVE;
				CLANG_CXX_LANGUAGE_STANDARD = "gnu++20";
				CLANG_ENABLE_MODULES = YES;
				CLANG_ENABLE_OBJC_ARC = YES;
				CLANG_ENABLE_OBJC_WEAK = YES;
				CLANG_WARN_BLOCK_CAPTURE_AUTORELEASING = YES;
				CLANG_WARN_BOOL_CONVERSION = YES;
				CLANG_WARN_COMMA = YES;
				CLANG_WARN_CONSTANT_CONVERSION = YES;
				CLANG_WARN_DEPRECATED_OBJC_IMPLEMENTATIONS = YES;
				CLANG_WARN_DIRECT_OBJC_ISA_USAGE = YES_ERROR;
				CLANG_WARN_DOCUMENTATION_COMMENTS = YES;
				CLANG_WARN_EMPTY_BODY = YES;
				CLANG_WARN_ENUM_CONVERSION = YES;
				CLANG_WARN_INFINITE_RECURSION = YES;
				CLANG_WARN_INT_CONVERSION = YES;
				CLANG_WARN_NON_LITERAL_NULL_CONVERSION = YES;
				CLANG_WARN_OBJC_IMPLICIT_RETAIN_SELF = YES;
				CLANG_WARN_OBJC_LITERAL_CONVERSION = YES;
				CLANG_WARN_OBJC_ROOT_CLASS = YES_ERROR;
				CLANG_WARN_QUOTED_INCLUDE_IN_FRAMEWORK_HEADER = YES;
				CLANG_WARN_RANGE_LOOP_ANALYSIS = YES;
				CLANG_WARN_STRICT_PROTOTYPES = YES;
				CLANG_WARN_SUSPICIOUS_MOVE = YES;
				CLANG_WARN_UNGUARDED_AVAILABILITY = YES_AGGRESSIVE;
				CLANG_WARN_UNREACHABLE_CODE = YES;
				CLANG_WARN__DUPLICATE_METHOD_MATCH = YES;
				COPY_PHASE_STRIP = NO;
				DEBUG_INFORMATION_FORMAT = "dwarf-with-dsym";
				ENABLE_NS_ASSERTIONS = NO;
				ENABLE_STRICT_OBJC_MSGSEND = YES;
				GCC_C_LANGUAGE_STANDARD = gnu11;
				GCC_NO_COMMON_BLOCKS = YES;
				GCC_WARN_64_TO_32_BIT_CONVERSION = YES;
				GCC_WARN_ABOUT_RETURN_TYPE = YES_ERROR;
				GCC_WARN_UNDECLARED_SELECTOR = YES;
				GCC_WARN_UNINITIALIZED_AUTOS = YES_AGGRESSIVE;
				GCC_WARN_UNUSED_FUNCTION = YES;
				GCC_WARN_UNUSED_VARIABLE = YES;
				IPHONEOS_DEPLOYMENT_TARGET = 16.0;
				MTL_ENABLE_DEBUG_INFO = NO;
				MTL_FAST_MATH = YES;
				SDKROOT = iphoneos;
				SWIFT_COMPILATION_MODE = wholemodule;
				SWIFT_OPTIMIZATION_LEVEL = "-O";
				VALIDATE_PRODUCT = YES;
			};
			name = Release;
		};
		BF9E04D0297D6C7100A25974 /* Debug */ = {
			isa = XCBuildConfiguration;
			baseConfigurationReference = D91FCB5A4CD06C01E8D58497 /* Pods-WebViewSample.debug.xcconfig */;
			buildSettings = {
				ASSETCATALOG_COMPILER_APPICON_NAME = AppIcon;
				ASSETCATALOG_COMPILER_GLOBAL_ACCENT_COLOR_NAME = AccentColor;
				CODE_SIGN_STYLE = Automatic;
				CURRENT_PROJECT_VERSION = 1;
				DEVELOPMENT_ASSET_PATHS = "\"WebViewSample/Preview Content\"";
				DEVELOPMENT_TEAM = G99VW8TP32;
				ENABLE_PREVIEWS = YES;
				GENERATE_INFOPLIST_FILE = YES;
				INFOPLIST_KEY_UIApplicationSceneManifest_Generation = YES;
				INFOPLIST_KEY_UIApplicationSupportsIndirectInputEvents = YES;
				INFOPLIST_KEY_UILaunchScreen_Generation = YES;
				INFOPLIST_KEY_UISupportedInterfaceOrientations_iPad = "UIInterfaceOrientationPortrait UIInterfaceOrientationPortraitUpsideDown UIInterfaceOrientationLandscapeLeft UIInterfaceOrientationLandscapeRight";
				INFOPLIST_KEY_UISupportedInterfaceOrientations_iPhone = "UIInterfaceOrientationPortrait UIInterfaceOrientationLandscapeLeft UIInterfaceOrientationLandscapeRight";
				LD_RUNPATH_SEARCH_PATHS = (
					"$(inherited)",
					"@executable_path/Frameworks",
				);
				MARKETING_VERSION = 1.0;
				PRODUCT_BUNDLE_IDENTIFIER = com.9oya.WebViewSample;
				PRODUCT_NAME = "$(TARGET_NAME)";
				SWIFT_EMIT_LOC_STRINGS = YES;
				SWIFT_VERSION = 5.0;
				TARGETED_DEVICE_FAMILY = "1,2";
			};
			name = Debug;
		};
		BF9E04D1297D6C7100A25974 /* Release */ = {
			isa = XCBuildConfiguration;
			baseConfigurationReference = 8FA6E7103D2C509911B7AE21 /* Pods-WebViewSample.release.xcconfig */;
			buildSettings = {
				ASSETCATALOG_COMPILER_APPICON_NAME = AppIcon;
				ASSETCATALOG_COMPILER_GLOBAL_ACCENT_COLOR_NAME = AccentColor;
				CODE_SIGN_STYLE = Automatic;
				CURRENT_PROJECT_VERSION = 1;
				DEVELOPMENT_ASSET_PATHS = "\"WebViewSample/Preview Content\"";
				DEVELOPMENT_TEAM = G99VW8TP32;
				ENABLE_PREVIEWS = YES;
				GENERATE_INFOPLIST_FILE = YES;
				INFOPLIST_KEY_UIApplicationSceneManifest_Generation = YES;
				INFOPLIST_KEY_UIApplicationSupportsIndirectInputEvents = YES;
				INFOPLIST_KEY_UILaunchScreen_Generation = YES;
				INFOPLIST_KEY_UISupportedInterfaceOrientations_iPad = "UIInterfaceOrientationPortrait UIInterfaceOrientationPortraitUpsideDown UIInterfaceOrientationLandscapeLeft UIInterfaceOrientationLandscapeRight";
				INFOPLIST_KEY_UISupportedInterfaceOrientations_iPhone = "UIInterfaceOrientationPortrait UIInterfaceOrientationLandscapeLeft UIInterfaceOrientationLandscapeRight";
				LD_RUNPATH_SEARCH_PATHS = (
					"$(inherited)",
					"@executable_path/Frameworks",
				);
				MARKETING_VERSION = 1.0;
				PRODUCT_BUNDLE_IDENTIFIER = com.9oya.WebViewSample;
				PRODUCT_NAME = "$(TARGET_NAME)";
				SWIFT_EMIT_LOC_STRINGS = YES;
				SWIFT_VERSION = 5.0;
				TARGETED_DEVICE_FAMILY = "1,2";
			};
			name = Release;
		};
/* End XCBuildConfiguration section */

/* Begin XCConfigurationList section */
		BF9E04BC297D6C6F00A25974 /* Build configuration list for PBXProject "WebViewSample" */ = {
			isa = XCConfigurationList;
			buildConfigurations = (
				BF9E04CD297D6C7100A25974 /* Debug */,
				BF9E04CE297D6C7100A25974 /* Release */,
			);
			defaultConfigurationIsVisible = 0;
			defaultConfigurationName = Release;
		};
		BF9E04CF297D6C7100A25974 /* Build configuration list for PBXNativeTarget "WebViewSample" */ = {
			isa = XCConfigurationList;
			buildConfigurations = (
				BF9E04D0297D6C7100A25974 /* Debug */,
				BF9E04D1297D6C7100A25974 /* Release */,
			);
			defaultConfigurationIsVisible = 0;
			defaultConfigurationName = Release;
		};
/* End XCConfigurationList section */
	};
	rootObject = BF9E04B9297D6C6F00A25974 /* Project object */;
}
